// !$*UTF8*$!
{
	archiveVersion = 1;
	classes = {
	};
	objectVersion = 46;
	objects = {

/* Begin PBXBuildFile section */
		210AA1621AE818E0001C38F2 /* AppDelegate.swift in Sources */ = {isa = PBXBuildFile; fileRef = 210AA1611AE818E0001C38F2 /* AppDelegate.swift */; };
		210AA1641AE818E0001C38F2 /* ViewController.swift in Sources */ = {isa = PBXBuildFile; fileRef = 210AA1631AE818E0001C38F2 /* ViewController.swift */; };
		210AA1671AE818E0001C38F2 /* Main.storyboard in Resources */ = {isa = PBXBuildFile; fileRef = 210AA1651AE818E0001C38F2 /* Main.storyboard */; };
		210AA1691AE818E0001C38F2 /* Images.xcassets in Resources */ = {isa = PBXBuildFile; fileRef = 210AA1681AE818E0001C38F2 /* Images.xcassets */; };
		210AA16C1AE818E0001C38F2 /* LaunchScreen.xib in Resources */ = {isa = PBXBuildFile; fileRef = 210AA16A1AE818E0001C38F2 /* LaunchScreen.xib */; };
		210AA1781AE818E1001C38F2 /* UnitensilTests.swift in Sources */ = {isa = PBXBuildFile; fileRef = 210AA1771AE818E1001C38F2 /* UnitensilTests.swift */; };
/* End PBXBuildFile section */

/* Begin PBXContainerItemProxy section */
		210AA1721AE818E0001C38F2 /* PBXContainerItemProxy */ = {
			isa = PBXContainerItemProxy;
			containerPortal = 210AA1541AE818E0001C38F2 /* Project object */;
			proxyType = 1;
			remoteGlobalIDString = 210AA15B1AE818E0001C38F2;
			remoteInfo = Unitensil;
		};
/* End PBXContainerItemProxy section */

/* Begin PBXFileReference section */
		210AA15C1AE818E0001C38F2 /* Unitensil.app */ = {isa = PBXFileReference; explicitFileType = wrapper.application; includeInIndex = 0; path = Unitensil.app; sourceTree = BUILT_PRODUCTS_DIR; };
		210AA1601AE818E0001C38F2 /* Info.plist */ = {isa = PBXFileReference; lastKnownFileType = text.plist.xml; path = Info.plist; sourceTree = "<group>"; };
		210AA1611AE818E0001C38F2 /* AppDelegate.swift */ = {isa = PBXFileReference; lastKnownFileType = sourcecode.swift; path = AppDelegate.swift; sourceTree = "<group>"; };
		210AA1631AE818E0001C38F2 /* ViewController.swift */ = {isa = PBXFileReference; lastKnownFileType = sourcecode.swift; path = ViewController.swift; sourceTree = "<group>"; };
		210AA1661AE818E0001C38F2 /* Base */ = {isa = PBXFileReference; lastKnownFileType = file.storyboard; name = Base; path = Base.lproj/Main.storyboard; sourceTree = "<group>"; };
		210AA1681AE818E0001C38F2 /* Images.xcassets */ = {isa = PBXFileReference; lastKnownFileType = folder.assetcatalog; path = Images.xcassets; sourceTree = "<group>"; };
		210AA16B1AE818E0001C38F2 /* Base */ = {isa = PBXFileReference; lastKnownFileType = file.xib; name = Base; path = Base.lproj/LaunchScreen.xib; sourceTree = "<group>"; };
		210AA1711AE818E0001C38F2 /* UnitensilTests.xctest */ = {isa = PBXFileReference; explicitFileType = wrapper.cfbundle; includeInIndex = 0; path = UnitensilTests.xctest; sourceTree = BUILT_PRODUCTS_DIR; };
		210AA1761AE818E0001C38F2 /* Info.plist */ = {isa = PBXFileReference; lastKnownFileType = text.plist.xml; path = Info.plist; sourceTree = "<group>"; };
		210AA1771AE818E1001C38F2 /* UnitensilTests.swift */ = {isa = PBXFileReference; lastKnownFileType = sourcecode.swift; path = UnitensilTests.swift; sourceTree = "<group>"; };
/* End PBXFileReference section */

/* Begin PBXFrameworksBuildPhase section */
		210AA1591AE818E0001C38F2 /* Frameworks */ = {
			isa = PBXFrameworksBuildPhase;
			buildActionMask = 2147483647;
			files = (
			);
			runOnlyForDeploymentPostprocessing = 0;
		};
		210AA16E1AE818E0001C38F2 /* Frameworks */ = {
			isa = PBXFrameworksBuildPhase;
			buildActionMask = 2147483647;
			files = (
			);
			runOnlyForDeploymentPostprocessing = 0;
		};
/* End PBXFrameworksBuildPhase section */

/* Begin PBXGroup section */
		210AA1531AE818E0001C38F2 = {
			isa = PBXGroup;
			children = (
				210AA15E1AE818E0001C38F2 /* Unitensil */,
				210AA1741AE818E0001C38F2 /* UnitensilTests */,
				210AA15D1AE818E0001C38F2 /* Products */,
			);
			sourceTree = "<group>";
		};
		210AA15D1AE818E0001C38F2 /* Products */ = {
			isa = PBXGroup;
			children = (
				210AA15C1AE818E0001C38F2 /* Unitensil.app */,
				210AA1711AE818E0001C38F2 /* UnitensilTests.xctest */,
			);
			name = Products;
			sourceTree = "<group>";
		};
		210AA15E1AE818E0001C38F2 /* Unitensil */ = {
			isa = PBXGroup;
			children = (
				210AA1611AE818E0001C38F2 /* AppDelegate.swift */,
				210AA1631AE818E0001C38F2 /* ViewController.swift */,
				210AA1651AE818E0001C38F2 /* Main.storyboard */,
				210AA1681AE818E0001C38F2 /* Images.xcassets */,
				210AA16A1AE818E0001C38F2 /* LaunchScreen.xib */,
				210AA15F1AE818E0001C38F2 /* Supporting Files */,
			);
			path = Unitensil;
			sourceTree = "<group>";
		};
		210AA15F1AE818E0001C38F2 /* Supporting Files */ = {
			isa = PBXGroup;
			children = (
				210AA1601AE818E0001C38F2 /* Info.plist */,
			);
			name = "Supporting Files";
			sourceTree = "<group>";
		};
		210AA1741AE818E0001C38F2 /* UnitensilTests */ = {
			isa = PBXGroup;
			children = (
				210AA1771AE818E1001C38F2 /* UnitensilTests.swift */,
				210AA1751AE818E0001C38F2 /* Supporting Files */,
			);
			path = UnitensilTests;
			sourceTree = "<group>";
		};
		210AA1751AE818E0001C38F2 /* Supporting Files */ = {
			isa = PBXGroup;
			children = (
				210AA1761AE818E0001C38F2 /* Info.plist */,
			);
			name = "Supporting Files";
			sourceTree = "<group>";
		};
/* End PBXGroup section */

/* Begin PBXNativeTarget section */
		210AA15B1AE818E0001C38F2 /* Unitensil */ = {
			isa = PBXNativeTarget;
			buildConfigurationList = 210AA17B1AE818E1001C38F2 /* Build configuration list for PBXNativeTarget "Unitensil" */;
			buildPhases = (
				210AA1581AE818E0001C38F2 /* Sources */,
				210AA1591AE818E0001C38F2 /* Frameworks */,
				210AA15A1AE818E0001C38F2 /* Resources */,
			);
			buildRules = (
			);
			dependencies = (
			);
			name = Unitensil;
			productName = Unitensil;
			productReference = 210AA15C1AE818E0001C38F2 /* Unitensil.app */;
			productType = "com.apple.product-type.application";
		};
		210AA1701AE818E0001C38F2 /* UnitensilTests */ = {
			isa = PBXNativeTarget;
			buildConfigurationList = 210AA17E1AE818E1001C38F2 /* Build configuration list for PBXNativeTarget "UnitensilTests" */;
			buildPhases = (
				210AA16D1AE818E0001C38F2 /* Sources */,
				210AA16E1AE818E0001C38F2 /* Frameworks */,
				210AA16F1AE818E0001C38F2 /* Resources */,
			);
			buildRules = (
			);
			dependencies = (
				210AA1731AE818E0001C38F2 /* PBXTargetDependency */,
			);
			name = UnitensilTests;
			productName = UnitensilTests;
			productReference = 210AA1711AE818E0001C38F2 /* UnitensilTests.xctest */;
			productType = "com.apple.product-type.bundle.unit-test";
		};
/* End PBXNativeTarget section */

/* Begin PBXProject section */
		210AA1541AE818E0001C38F2 /* Project object */ = {
			isa = PBXProject;
			attributes = {
				LastUpgradeCheck = 0620;
				ORGANIZATIONNAME = "Coombe, Tim";
				TargetAttributes = {
					210AA15B1AE818E0001C38F2 = {
						CreatedOnToolsVersion = 6.2;
					};
					210AA1701AE818E0001C38F2 = {
						CreatedOnToolsVersion = 6.2;
						TestTargetID = 210AA15B1AE818E0001C38F2;
					};
				};
			};
			buildConfigurationList = 210AA1571AE818E0001C38F2 /* Build configuration list for PBXProject "Unitensil" */;
			compatibilityVersion = "Xcode 3.2";
			developmentRegion = English;
			hasScannedForEncodings = 0;
			knownRegions = (
				en,
				Base,
			);
			mainGroup = 210AA1531AE818E0001C38F2;
			productRefGroup = 210AA15D1AE818E0001C38F2 /* Products */;
			projectDirPath = "";
			projectRoot = "";
			targets = (
				210AA15B1AE818E0001C38F2 /* Unitensil */,
				210AA1701AE818E0001C38F2 /* UnitensilTests */,
			);
		};
/* End PBXProject section */

/* Begin PBXResourcesBuildPhase section */
		210AA15A1AE818E0001C38F2 /* Resources */ = {
			isa = PBXResourcesBuildPhase;
			buildActionMask = 2147483647;
			files = (
				210AA1671AE818E0001C38F2 /* Main.storyboard in Resources */,
				210AA16C1AE818E0001C38F2 /* LaunchScreen.xib in Resources */,
				210AA1691AE818E0001C38F2 /* Images.xcassets in Resources */,
			);
			runOnlyForDeploymentPostprocessing = 0;
		};
		210AA16F1AE818E0001C38F2 /* Resources */ = {
			isa = PBXResourcesBuildPhase;
			buildActionMask = 2147483647;
			files = (
			);
			runOnlyForDeploymentPostprocessing = 0;
		};
/* End PBXResourcesBuildPhase section */

/* Begin PBXSourcesBuildPhase section */
		210AA1581AE818E0001C38F2 /* Sources */ = {
			isa = PBXSourcesBuildPhase;
			buildActionMask = 2147483647;
			files = (
				210AA1641AE818E0001C38F2 /* ViewController.swift in Sources */,
				210AA1621AE818E0001C38F2 /* AppDelegate.swift in Sources */,
			);
			runOnlyForDeploymentPostprocessing = 0;
		};
		210AA16D1AE818E0001C38F2 /* Sources */ = {
			isa = PBXSourcesBuildPhase;
			buildActionMask = 2147483647;
			files = (
				210AA1781AE818E1001C38F2 /* UnitensilTests.swift in Sources */,
			);
			runOnlyForDeploymentPostprocessing = 0;
		};
/* End PBXSourcesBuildPhase section */

/* Begin PBXTargetDependency section */
		210AA1731AE818E0001C38F2 /* PBXTargetDependency */ = {
			isa = PBXTargetDependency;
			target = 210AA15B1AE818E0001C38F2 /* Unitensil */;
			targetProxy = 210AA1721AE818E0001C38F2 /* PBXContainerItemProxy */;
		};
/* End PBXTargetDependency section */

/* Begin PBXVariantGroup section */
		210AA1651AE818E0001C38F2 /* Main.storyboard */ = {
			isa = PBXVariantGroup;
			children = (
				210AA1661AE818E0001C38F2 /* Base */,
			);
			name = Main.storyboard;
			sourceTree = "<group>";
		};
		210AA16A1AE818E0001C38F2 /* LaunchScreen.xib */ = {
			isa = PBXVariantGroup;
			children = (
				210AA16B1AE818E0001C38F2 /* Base */,
			);
			name = LaunchScreen.xib;
			sourceTree = "<group>";
		};
/* End PBXVariantGroup section */

/* Begin XCBuildConfiguration section */
		210AA1791AE818E1001C38F2 /* Debug */ = {
			isa = XCBuildConfiguration;
			buildSettings = {
				ALWAYS_SEARCH_USER_PATHS = NO;
				CLANG_CXX_LANGUAGE_STANDARD = "gnu++0x";
				CLANG_CXX_LIBRARY = "libc++";
				CLANG_ENABLE_MODULES = YES;
				CLANG_ENABLE_OBJC_ARC = YES;
				CLANG_WARN_BOOL_CONVERSION = YES;
				CLANG_WARN_CONSTANT_CONVERSION = YES;
				CLANG_WARN_DIRECT_OBJC_ISA_USAGE = YES_ERROR;
				CLANG_WARN_EMPTY_BODY = YES;
				CLANG_WARN_ENUM_CONVERSION = YES;
				CLANG_WARN_INT_CONVERSION = YES;
				CLANG_WARN_OBJC_ROOT_CLASS = YES_ERROR;
				CLANG_WARN_UNREACHABLE_CODE = YES;
				CLANG_WARN__DUPLICATE_METHOD_MATCH = YES;
				"CODE_SIGN_IDENTITY[sdk=iphoneos*]" = "iPhone Developer";
				COPY_PHASE_STRIP = NO;
				ENABLE_STRICT_OBJC_MSGSEND = YES;
				GCC_C_LANGUAGE_STANDARD = gnu99;
				GCC_DYNAMIC_NO_PIC = NO;
				GCC_OPTIMIZATION_LEVEL = 0;
				GCC_PREPROCESSOR_DEFINITIONS = (
					"DEBUG=1",
					"$(inherited)",
				);
				GCC_SYMBOLS_PRIVATE_EXTERN = NO;
				GCC_WARN_64_TO_32_BIT_CONVERSION = YES;
				GCC_WARN_ABOUT_RETURN_TYPE = YES_ERROR;
				GCC_WARN_UNDECLARED_SELECTOR = YES;
				GCC_WARN_UNINITIALIZED_AUTOS = YES_AGGRESSIVE;
				GCC_WARN_UNUSED_FUNCTION = YES;
				GCC_WARN_UNUSED_VARIABLE = YES;
				IPHONEOS_DEPLOYMENT_TARGET = 8.2;
				MTL_ENABLE_DEBUG_INFO = YES;
				ONLY_ACTIVE_ARCH = YES;
				SDKROOT = iphoneos;
				SWIFT_OPTIMIZATION_LEVEL = "-Onone";
				TARGETED_DEVICE_FAMILY = "1,2";
			};
			name = Debug;
		};
		210AA17A1AE818E1001C38F2 /* Release */ = {
			isa = XCBuildConfiguration;
			buildSettings = {
				ALWAYS_SEARCH_USER_PATHS = NO;
				CLANG_CXX_LANGUAGE_STANDARD = "gnu++0x";
				CLANG_CXX_LIBRARY = "libc++";
				CLANG_ENABLE_MODULES = YES;
				CLANG_ENABLE_OBJC_ARC = YES;
				CLANG_WARN_BOOL_CONVERSION = YES;
				CLANG_WARN_CONSTANT_CONVERSION = YES;
				CLANG_WARN_DIRECT_OBJC_ISA_USAGE = YES_ERROR;
				CLANG_WARN_EMPTY_BODY = YES;
				CLANG_WARN_ENUM_CONVERSION = YES;
				CLANG_WARN_INT_CONVERSION = YES;
				CLANG_WARN_OBJC_ROOT_CLASS = YES_ERROR;
				CLANG_WARN_UNREACHABLE_CODE = YES;
				CLANG_WARN__DUPLICATE_METHOD_MATCH = YES;
				"CODE_SIGN_IDENTITY[sdk=iphoneos*]" = "iPhone Developer";
				COPY_PHASE_STRIP = NO;
				ENABLE_NS_ASSERTIONS = NO;
				ENABLE_STRICT_OBJC_MSGSEND = YES;
				GCC_C_LANGUAGE_STANDARD = gnu99;
				GCC_WARN_64_TO_32_BIT_CONVERSION = YES;
				GCC_WARN_ABOUT_RETURN_TYPE = YES_ERROR;
				GCC_WARN_UNDECLARED_SELECTOR = YES;
				GCC_WARN_UNINITIALIZED_AUTOS = YES_AGGRESSIVE;
				GCC_WARN_UNUSED_FUNCTION = YES;
				GCC_WARN_UNUSED_VARIABLE = YES;
				IPHONEOS_DEPLOYMENT_TARGET = 8.2;
				MTL_ENABLE_DEBUG_INFO = NO;
				SDKROOT = iphoneos;
				TARGETED_DEVICE_FAMILY = "1,2";
				VALIDATE_PRODUCT = YES;
			};
			name = Release;
		};
		210AA17C1AE818E1001C38F2 /* Debug */ = {
			isa = XCBuildConfiguration;
			buildSettings = {
				ASSETCATALOG_COMPILER_APPICON_NAME = AppIcon;
				INFOPLIST_FILE = Unitensil/Info.plist;
				LD_RUNPATH_SEARCH_PATHS = "$(inherited) @executable_path/Frameworks";
				PRODUCT_NAME = "$(TARGET_NAME)";
			};
			name = Debug;
		};
		210AA17D1AE818E1001C38F2 /* Release */ = {
			isa = XCBuildConfiguration;
			buildSettings = {
				ASSETCATALOG_COMPILER_APPICON_NAME = AppIcon;
				INFOPLIST_FILE = Unitensil/Info.plist;
				LD_RUNPATH_SEARCH_PATHS = "$(inherited) @executable_path/Frameworks";
				PRODUCT_NAME = "$(TARGET_NAME)";
			};
			name = Release;
		};
		210AA17F1AE818E1001C38F2 /* Debug */ = {
			isa = XCBuildConfiguration;
			buildSettings = {
				BUNDLE_LOADER = "$(TEST_HOST)";
				FRAMEWORK_SEARCH_PATHS = (
					"$(SDKROOT)/Developer/Library/Frameworks",
					"$(inherited)",
				);
				GCC_PREPROCESSOR_DEFINITIONS = (
					"DEBUG=1",
					"$(inherited)",
				);
				INFOPLIST_FILE = UnitensilTests/Info.plist;
				LD_RUNPATH_SEARCH_PATHS = "$(inherited) @executable_path/Frameworks @loader_path/Frameworks";
				PRODUCT_NAME = "$(TARGET_NAME)";
				TEST_HOST = "$(BUILT_PRODUCTS_DIR)/Unitensil.app/Unitensil";
			};
			name = Debug;
		};
		210AA1801AE818E1001C38F2 /* Release */ = {
			isa = XCBuildConfiguration;
			buildSettings = {
				BUNDLE_LOADER = "$(TEST_HOST)";
				FRAMEWORK_SEARCH_PATHS = (
					"$(SDKROOT)/Developer/Library/Frameworks",
					"$(inherited)",
				);
				INFOPLIST_FILE = UnitensilTests/Info.plist;
				LD_RUNPATH_SEARCH_PATHS = "$(inherited) @executable_path/Frameworks @loader_path/Frameworks";
				PRODUCT_NAME = "$(TARGET_NAME)";
				TEST_HOST = "$(BUILT_PRODUCTS_DIR)/Unitensil.app/Unitensil";
			};
			name = Release;
		};
/* End XCBuildConfiguration section */

/* Begin XCConfigurationList section */
		210AA1571AE818E0001C38F2 /* Build configuration list for PBXProject "Unitensil" */ = {
			isa = XCConfigurationList;
			buildConfigurations = (
				210AA1791AE818E1001C38F2 /* Debug */,
				210AA17A1AE818E1001C38F2 /* Release */,
			);
			defaultConfigurationIsVisible = 0;
			defaultConfigurationName = Release;
		};
		210AA17B1AE818E1001C38F2 /* Build configuration list for PBXNativeTarget "Unitensil" */ = {
			isa = XCConfigurationList;
			buildConfigurations = (
				210AA17C1AE818E1001C38F2 /* Debug */,
				210AA17D1AE818E1001C38F2 /* Release */,
			);
			defaultConfigurationIsVisible = 0;
		};
		210AA17E1AE818E1001C38F2 /* Build configuration list for PBXNativeTarget "UnitensilTests" */ = {
			isa = XCConfigurationList;
			buildConfigurations = (
				210AA17F1AE818E1001C38F2 /* Debug */,
				210AA1801AE818E1001C38F2 /* Release */,
			);
			defaultConfigurationIsVisible = 0;
		};
/* End XCConfigurationList section */
	};
	rootObject = 210AA1541AE818E0001C38F2 /* Project object */;
}
